{
  "name": "target",
  "version": "1.0.0",
  "lockfileVersion": 2,
  "requires": true,
  "packages": {
    "": {
      "name": "target",
      "version": "1.0.0",
      "license": "ISC",
      "devDependencies": {
        "bft": "1.2.1"
      }
    },
    "node_modules/bft": {
      "version": "1.2.1",
      "resolved": "https://registry.npmjs.org/bft/-/bft-1.2.1.tgz",
      "integrity": "sha512-wPJ762JkSQ0dGkySUOUG7mz1co1YJp26evBpRweSlwQv8udFm4ICFsrzoOapjfLpn1lVKhssR8873W4rZh2IPg==",
      "dev": true,
      "bin": {
        "bft": "bft.js"
      },
      "engines": {
        "node": ">=10.0.0"
      }
    }
  },
  "dependencies": {
    "bft": {
      "version": "1.2.1",
      "resolved": "https://registry.npmjs.org/bft/-/bft-1.2.1.tgz",
      "integrity": "sha512-wPJ762JkSQ0dGkySUOUG7mz1co1YJp26evBpRweSlwQv8udFm4ICFsrzoOapjfLpn1lVKhssR8873W4rZh2IPg==",
      "dev": true
    }
  }
}
